
Microsoft Visual Studio Solution File, Format Version 12.00
# Visual Studio Version 16
VisualStudioVersion = 16.0.31025.194
MinimumVisualStudioVersion = 10.0.40219.1
Project("{9A19103F-16F7-4668-BE54-9A1E7A4F7556}") = "MdExplorer.Service", "MdExplorer\MdExplorer.Service.csproj", "{28EA8C73-D2FF-422A-88D0-584B0FF2B29C}"
EndProject
Project("{9A19103F-16F7-4668-BE54-9A1E7A4F7556}") = "MdExplorer.bll", "MdExplorer.bll\MdExplorer.bll.csproj", "{69140720-FE2F-4833-B7C5-122D6F83F6C3}"
EndProject
Project("{9A19103F-16F7-4668-BE54-9A1E7A4F7556}") = "MDExplorer.dal", "MDExplorer.dal\MDExplorer.dal.csproj", "{EA7370F3-55F2-4159-8BA3-BD4B52A5C8BC}"
EndProject
Project("{FAE04EC0-301F-11D3-BF4B-00C04F79EFBC}") = "MdExplorer.Tests", "MdExplorer.Tests\MdExplorer.Tests.csproj", "{1F0A0DA7-138A-4E98-BF94-217B8B92CF8A}"
EndProject
Project("{FAE04EC0-301F-11D3-BF4B-00C04F79EFBC}") = "MdExplorer.Abstractions", "MdExplorer.Abstractions\MdExplorer.Abstractions.csproj", "{10CC8FE9-F20A-4ECD-AD9C-19A28A2C8A87}"
EndProject
Project("{FAE04EC0-301F-11D3-BF4B-00C04F79EFBC}") = "MdExplorer.Implementations", "MdExplorer.Implementations\MdExplorer.Implementations.csproj", "{EF663F91-98EB-475F-AFCE-E399F64E4D08}"
EndProject
Global
	GlobalSection(SolutionConfigurationPlatforms) = preSolution
		Debug|Any CPU = Debug|Any CPU
		Release|Any CPU = Release|Any CPU
	EndGlobalSection
	GlobalSection(ProjectConfigurationPlatforms) = postSolution
		{28EA8C73-D2FF-422A-88D0-584B0FF2B29C}.Debug|Any CPU.ActiveCfg = Debug|Any CPU
		{28EA8C73-D2FF-422A-88D0-584B0FF2B29C}.Debug|Any CPU.Build.0 = Debug|Any CPU
		{28EA8C73-D2FF-422A-88D0-584B0FF2B29C}.Release|Any CPU.ActiveCfg = Release|Any CPU
		{28EA8C73-D2FF-422A-88D0-584B0FF2B29C}.Release|Any CPU.Build.0 = Release|Any CPU
		{69140720-FE2F-4833-B7C5-122D6F83F6C3}.Debug|Any CPU.ActiveCfg = Debug|Any CPU
		{69140720-FE2F-4833-B7C5-122D6F83F6C3}.Debug|Any CPU.Build.0 = Debug|Any CPU
		{69140720-FE2F-4833-B7C5-122D6F83F6C3}.Release|Any CPU.ActiveCfg = Release|Any CPU
		{69140720-FE2F-4833-B7C5-122D6F83F6C3}.Release|Any CPU.Build.0 = Release|Any CPU
		{EA7370F3-55F2-4159-8BA3-BD4B52A5C8BC}.Debug|Any CPU.ActiveCfg = Debug|Any CPU
		{EA7370F3-55F2-4159-8BA3-BD4B52A5C8BC}.Debug|Any CPU.Build.0 = Debug|Any CPU
		{EA7370F3-55F2-4159-8BA3-BD4B52A5C8BC}.Release|Any CPU.ActiveCfg = Release|Any CPU
		{EA7370F3-55F2-4159-8BA3-BD4B52A5C8BC}.Release|Any CPU.Build.0 = Release|Any CPU
		{1F0A0DA7-138A-4E98-BF94-217B8B92CF8A}.Debug|Any CPU.ActiveCfg = Debug|Any CPU
		{1F0A0DA7-138A-4E98-BF94-217B8B92CF8A}.Debug|Any CPU.Build.0 = Debug|Any CPU
		{1F0A0DA7-138A-4E98-BF94-217B8B92CF8A}.Release|Any CPU.ActiveCfg = Release|Any CPU
		{1F0A0DA7-138A-4E98-BF94-217B8B92CF8A}.Release|Any CPU.Build.0 = Release|Any CPU
		{10CC8FE9-F20A-4ECD-AD9C-19A28A2C8A87}.Debug|Any CPU.ActiveCfg = Debug|Any CPU
		{10CC8FE9-F20A-4ECD-AD9C-19A28A2C8A87}.Debug|Any CPU.Build.0 = Debug|Any CPU
		{10CC8FE9-F20A-4ECD-AD9C-19A28A2C8A87}.Release|Any CPU.ActiveCfg = Release|Any CPU
		{10CC8FE9-F20A-4ECD-AD9C-19A28A2C8A87}.Release|Any CPU.Build.0 = Release|Any CPU
		{EF663F91-98EB-475F-AFCE-E399F64E4D08}.Debug|Any CPU.ActiveCfg = Debug|Any CPU
		{EF663F91-98EB-475F-AFCE-E399F64E4D08}.Debug|Any CPU.Build.0 = Debug|Any CPU
		{EF663F91-98EB-475F-AFCE-E399F64E4D08}.Release|Any CPU.ActiveCfg = Release|Any CPU
		{EF663F91-98EB-475F-AFCE-E399F64E4D08}.Release|Any CPU.Build.0 = Release|Any CPU
	EndGlobalSection
	GlobalSection(SolutionProperties) = preSolution
		HideSolutionNode = FALSE
	EndGlobalSection
	GlobalSection(ExtensibilityGlobals) = postSolution
		SolutionGuid = {8262B491-47A0-4B4D-8A57-6C3D6A8FDD3E}
	EndGlobalSection
EndGlobal
