
Microsoft Visual Studio Solution File, Format Version 12.00
# Visual Studio Version 16
VisualStudioVersion = 16.0.31025.194
MinimumVisualStudioVersion = 10.0.40219.1
Project("{FAE04EC0-301F-11D3-BF4B-00C04F79EFBC}") = "MdExplorer", "MdExplorer\MdExplorer.csproj", "{28EA8C73-D2FF-422A-88D0-584B0FF2B29C}"
EndProject
Global
	GlobalSection(SolutionConfigurationPlatforms) = preSolution
		Debug|Any CPU = Debug|Any CPU
		Release|Any CPU = Release|Any CPU
	EndGlobalSection
	GlobalSection(ProjectConfigurationPlatforms) = postSolution
		{28EA8C73-D2FF-422A-88D0-584B0FF2B29C}.Debug|Any CPU.ActiveCfg = Debug|Any CPU
		{28EA8C73-D2FF-422A-88D0-584B0FF2B29C}.Debug|Any CPU.Build.0 = Debug|Any CPU
		{28EA8C73-D2FF-422A-88D0-584B0FF2B29C}.Release|Any CPU.ActiveCfg = Release|Any CPU
		{28EA8C73-D2FF-422A-88D0-584B0FF2B29C}.Release|Any CPU.Build.0 = Release|Any CPU
	EndGlobalSection
	GlobalSection(SolutionProperties) = preSolution
		HideSolutionNode = FALSE
	EndGlobalSection
	GlobalSection(ExtensibilityGlobals) = postSolution
		SolutionGuid = {8262B491-47A0-4B4D-8A57-6C3D6A8FDD3E}
	EndGlobalSection
EndGlobal
