
Microsoft Visual Studio Solution File, Format Version 12.00
# Visual Studio Version 16
VisualStudioVersion = 16.0.31025.194
MinimumVisualStudioVersion = 10.0.40219.1
Project("{9A19103F-16F7-4668-BE54-9A1E7A4F7556}") = "MdExplorer.Service", "MdExplorer\MdExplorer.Service.csproj", "{28EA8C73-D2FF-422A-88D0-584B0FF2B29C}"
EndProject
Project("{9A19103F-16F7-4668-BE54-9A1E7A4F7556}") = "MdExplorer.Features", "MdExplorer.bll\MdExplorer.Features.csproj", "{69140720-FE2F-4833-B7C5-122D6F83F6C3}"
EndProject
Project("{9A19103F-16F7-4668-BE54-9A1E7A4F7556}") = "MDExplorer.DataAccess", "MDExplorer.dal\MDExplorer.DataAccess.csproj", "{EA7370F3-55F2-4159-8BA3-BD4B52A5C8BC}"
EndProject
Project("{9A19103F-16F7-4668-BE54-9A1E7A4F7556}") = "MdExplorer.Tests", "MdExplorer.Tests\MdExplorer.Tests.csproj", "{1F0A0DA7-138A-4E98-BF94-217B8B92CF8A}"
EndProject
Project("{9A19103F-16F7-4668-BE54-9A1E7A4F7556}") = "MdExplorer.Abstractions", "MdExplorer.Abstractions\MdExplorer.Abstractions.csproj", "{10CC8FE9-F20A-4ECD-AD9C-19A28A2C8A87}"
EndProject
Project("{9A19103F-16F7-4668-BE54-9A1E7A4F7556}") = "MdExplorer.Migrations", "MdExplorer.Migrations\MdExplorer.Migrations.csproj", "{CD81B656-C664-49C5-851E-E6CFF7DEE917}"
EndProject
Project("{9A19103F-16F7-4668-BE54-9A1E7A4F7556}") = "Ad.Tools.Dal", "Ad.Tools.Dal\Ad.Tools.Dal\Ad.Tools.Dal.csproj", "{A34602F1-D9BA-487B-88A7-F3ED84D4FAED}"
EndProject
Project("{9A19103F-16F7-4668-BE54-9A1E7A4F7556}") = "Ad.Tools.Dal.Abstractions", "Ad.Tools.Dal.Abstractions\Ad.Tools.Dal.Abstractions\Ad.Tools.Dal.Abstractions.csproj", "{B0D8AD88-5C29-4092-A845-0A4DD4A71D99}"
EndProject
Project("{9A19103F-16F7-4668-BE54-9A1E7A4F7556}") = "Ad.Tools.FluentMigrator", "Ad.Tools.FluentMigrator\Ad.Tools.FluentMigrator\Ad.Tools.FluentMigrator.csproj", "{02D82A56-3F23-433C-B642-792A92F7CB8D}"
EndProject
Project("{9A19103F-16F7-4668-BE54-9A1E7A4F7556}") = "MdExplorer.Features.Tests", "MdExplorer.Features.Tests\MdExplorer.Features.Tests.csproj", "{43B3843C-9638-4894-9781-F7CD93059799}"
EndProject
Project("{2150E333-8FDC-42A3-9474-1A3956D46DE8}") = "InstallBinaries", "InstallBinaries", "{7C670A67-EA99-4DA5-92C8-56907BABBF24}"
	ProjectSection(SolutionItems) = preProject
		InstallBinaries\plantuml.jar = InstallBinaries\plantuml.jar
	EndProjectSection
EndProject
Project("{2150E333-8FDC-42A3-9474-1A3956D46DE8}") = "Ad.Tools", "Ad.Tools", "{18E1FA4F-50F8-4E87-B373-E4BAA69D6DA2}"
EndProject
Global
	GlobalSection(SolutionConfigurationPlatforms) = preSolution
		Debug|Any CPU = Debug|Any CPU
		Release|Any CPU = Release|Any CPU
	EndGlobalSection
	GlobalSection(ProjectConfigurationPlatforms) = postSolution
		{28EA8C73-D2FF-422A-88D0-584B0FF2B29C}.Debug|Any CPU.ActiveCfg = Debug|Any CPU
		{28EA8C73-D2FF-422A-88D0-584B0FF2B29C}.Debug|Any CPU.Build.0 = Debug|Any CPU
		{28EA8C73-D2FF-422A-88D0-584B0FF2B29C}.Release|Any CPU.ActiveCfg = Release|Any CPU
		{28EA8C73-D2FF-422A-88D0-584B0FF2B29C}.Release|Any CPU.Build.0 = Release|Any CPU
		{69140720-FE2F-4833-B7C5-122D6F83F6C3}.Debug|Any CPU.ActiveCfg = Debug|Any CPU
		{69140720-FE2F-4833-B7C5-122D6F83F6C3}.Debug|Any CPU.Build.0 = Debug|Any CPU
		{69140720-FE2F-4833-B7C5-122D6F83F6C3}.Release|Any CPU.ActiveCfg = Release|Any CPU
		{69140720-FE2F-4833-B7C5-122D6F83F6C3}.Release|Any CPU.Build.0 = Release|Any CPU
		{EA7370F3-55F2-4159-8BA3-BD4B52A5C8BC}.Debug|Any CPU.ActiveCfg = Debug|Any CPU
		{EA7370F3-55F2-4159-8BA3-BD4B52A5C8BC}.Debug|Any CPU.Build.0 = Debug|Any CPU
		{EA7370F3-55F2-4159-8BA3-BD4B52A5C8BC}.Release|Any CPU.ActiveCfg = Release|Any CPU
		{EA7370F3-55F2-4159-8BA3-BD4B52A5C8BC}.Release|Any CPU.Build.0 = Release|Any CPU
		{1F0A0DA7-138A-4E98-BF94-217B8B92CF8A}.Debug|Any CPU.ActiveCfg = Debug|Any CPU
		{1F0A0DA7-138A-4E98-BF94-217B8B92CF8A}.Debug|Any CPU.Build.0 = Debug|Any CPU
		{1F0A0DA7-138A-4E98-BF94-217B8B92CF8A}.Release|Any CPU.ActiveCfg = Release|Any CPU
		{1F0A0DA7-138A-4E98-BF94-217B8B92CF8A}.Release|Any CPU.Build.0 = Release|Any CPU
		{10CC8FE9-F20A-4ECD-AD9C-19A28A2C8A87}.Debug|Any CPU.ActiveCfg = Debug|Any CPU
		{10CC8FE9-F20A-4ECD-AD9C-19A28A2C8A87}.Debug|Any CPU.Build.0 = Debug|Any CPU
		{10CC8FE9-F20A-4ECD-AD9C-19A28A2C8A87}.Release|Any CPU.ActiveCfg = Release|Any CPU
		{10CC8FE9-F20A-4ECD-AD9C-19A28A2C8A87}.Release|Any CPU.Build.0 = Release|Any CPU
		{CD81B656-C664-49C5-851E-E6CFF7DEE917}.Debug|Any CPU.ActiveCfg = Debug|Any CPU
		{CD81B656-C664-49C5-851E-E6CFF7DEE917}.Debug|Any CPU.Build.0 = Debug|Any CPU
		{CD81B656-C664-49C5-851E-E6CFF7DEE917}.Release|Any CPU.ActiveCfg = Release|Any CPU
		{CD81B656-C664-49C5-851E-E6CFF7DEE917}.Release|Any CPU.Build.0 = Release|Any CPU
		{A34602F1-D9BA-487B-88A7-F3ED84D4FAED}.Debug|Any CPU.ActiveCfg = Debug|Any CPU
		{A34602F1-D9BA-487B-88A7-F3ED84D4FAED}.Debug|Any CPU.Build.0 = Debug|Any CPU
		{A34602F1-D9BA-487B-88A7-F3ED84D4FAED}.Release|Any CPU.ActiveCfg = Release|Any CPU
		{A34602F1-D9BA-487B-88A7-F3ED84D4FAED}.Release|Any CPU.Build.0 = Release|Any CPU
		{B0D8AD88-5C29-4092-A845-0A4DD4A71D99}.Debug|Any CPU.ActiveCfg = Debug|Any CPU
		{B0D8AD88-5C29-4092-A845-0A4DD4A71D99}.Debug|Any CPU.Build.0 = Debug|Any CPU
		{B0D8AD88-5C29-4092-A845-0A4DD4A71D99}.Release|Any CPU.ActiveCfg = Release|Any CPU
		{B0D8AD88-5C29-4092-A845-0A4DD4A71D99}.Release|Any CPU.Build.0 = Release|Any CPU
		{02D82A56-3F23-433C-B642-792A92F7CB8D}.Debug|Any CPU.ActiveCfg = Debug|Any CPU
		{02D82A56-3F23-433C-B642-792A92F7CB8D}.Debug|Any CPU.Build.0 = Debug|Any CPU
		{02D82A56-3F23-433C-B642-792A92F7CB8D}.Release|Any CPU.ActiveCfg = Release|Any CPU
		{02D82A56-3F23-433C-B642-792A92F7CB8D}.Release|Any CPU.Build.0 = Release|Any CPU
		{43B3843C-9638-4894-9781-F7CD93059799}.Debug|Any CPU.ActiveCfg = Debug|Any CPU
		{43B3843C-9638-4894-9781-F7CD93059799}.Debug|Any CPU.Build.0 = Debug|Any CPU
		{43B3843C-9638-4894-9781-F7CD93059799}.Release|Any CPU.ActiveCfg = Release|Any CPU
		{43B3843C-9638-4894-9781-F7CD93059799}.Release|Any CPU.Build.0 = Release|Any CPU
	EndGlobalSection
	GlobalSection(SolutionProperties) = preSolution
		HideSolutionNode = FALSE
	EndGlobalSection
	GlobalSection(NestedProjects) = preSolution
		{A34602F1-D9BA-487B-88A7-F3ED84D4FAED} = {18E1FA4F-50F8-4E87-B373-E4BAA69D6DA2}
		{B0D8AD88-5C29-4092-A845-0A4DD4A71D99} = {18E1FA4F-50F8-4E87-B373-E4BAA69D6DA2}
		{02D82A56-3F23-433C-B642-792A92F7CB8D} = {18E1FA4F-50F8-4E87-B373-E4BAA69D6DA2}
	EndGlobalSection
	GlobalSection(ExtensibilityGlobals) = postSolution
		SolutionGuid = {8262B491-47A0-4B4D-8A57-6C3D6A8FDD3E}
	EndGlobalSection
EndGlobal
