
Microsoft Visual Studio Solution File, Format Version 12.00
# Visual Studio Version 16
VisualStudioVersion = 16.0.29709.97
MinimumVisualStudioVersion = 10.0.40219.1
Project("{9A19103F-16F7-4668-BE54-9A1E7A4F7556}") = "Ad.Tools.FluentMigrator", "Ad.Tools.FluentMigrator\Ad.Tools.FluentMigrator.csproj", "{A405995D-A94E-41ED-A2BC-28451FDD9B8A}"
EndProject
Global
	GlobalSection(SolutionConfigurationPlatforms) = preSolution
		Debug|Any CPU = Debug|Any CPU
		Release|Any CPU = Release|Any CPU
	EndGlobalSection
	GlobalSection(ProjectConfigurationPlatforms) = postSolution
		{A405995D-A94E-41ED-A2BC-28451FDD9B8A}.Debug|Any CPU.ActiveCfg = Debug|Any CPU
		{A405995D-A94E-41ED-A2BC-28451FDD9B8A}.Debug|Any CPU.Build.0 = Debug|Any CPU
		{A405995D-A94E-41ED-A2BC-28451FDD9B8A}.Release|Any CPU.ActiveCfg = Release|Any CPU
		{A405995D-A94E-41ED-A2BC-28451FDD9B8A}.Release|Any CPU.Build.0 = Release|Any CPU
	EndGlobalSection
	GlobalSection(SolutionProperties) = preSolution
		HideSolutionNode = FALSE
	EndGlobalSection
	GlobalSection(ExtensibilityGlobals) = postSolution
		SolutionGuid = {F4FA78E7-5A12-479E-9E06-A2790A42EEDB}
	EndGlobalSection
EndGlobal
